// !$*UTF8*$!
{
	archiveVersion = 1;
	classes = {
	};
	objectVersion = 56;
	objects = {

/* Begin PBXBuildFile section */
		2426F5EC2C1AF267005350A9 /* AppDelegate.swift in Sources */ = {isa = PBXBuildFile; fileRef = 2426F5EB2C1AF267005350A9 /* AppDelegate.swift */; };
		2426F5EE2C1AF267005350A9 /* SceneDelegate.swift in Sources */ = {isa = PBXBuildFile; fileRef = 2426F5ED2C1AF267005350A9 /* SceneDelegate.swift */; };
		2426F5F02C1AF267005350A9 /* OnBoardingViewController.swift in Sources */ = {isa = PBXBuildFile; fileRef = 2426F5EF2C1AF267005350A9 /* OnBoardingViewController.swift */; };
		2426F5F52C1AF268005350A9 /* Assets.xcassets in Resources */ = {isa = PBXBuildFile; fileRef = 2426F5F42C1AF268005350A9 /* Assets.xcassets */; };
		2426F5F82C1AF268005350A9 /* Base in Resources */ = {isa = PBXBuildFile; fileRef = 2426F5F72C1AF268005350A9 /* Base */; };
		2426F6002C1AF2B9005350A9 /* .gitignore in Resources */ = {isa = PBXBuildFile; fileRef = 2426F5FF2C1AF2B9005350A9 /* .gitignore */; };
		2426F6022C1AF3FB005350A9 /* APIKey.swift in Sources */ = {isa = PBXBuildFile; fileRef = 2426F6012C1AF3FB005350A9 /* APIKey.swift */; };
		2426F6052C1AF7A6005350A9 /* OrangeButton.swift in Sources */ = {isa = PBXBuildFile; fileRef = 2426F6042C1AF7A6005350A9 /* OrangeButton.swift */; };
		2426F6082C1AF85A005350A9 /* SnapKit in Frameworks */ = {isa = PBXBuildFile; productRef = 2426F6072C1AF85A005350A9 /* SnapKit */; };
		2426F60B2C1AF86A005350A9 /* Alamofire in Frameworks */ = {isa = PBXBuildFile; productRef = 2426F60A2C1AF86A005350A9 /* Alamofire */; };
		2426F60E2C1AF87B005350A9 /* Kingfisher in Frameworks */ = {isa = PBXBuildFile; productRef = 2426F60D2C1AF87B005350A9 /* Kingfisher */; };
		2426F6102C1AFB42005350A9 /* SettingNicknameViewController.swift in Sources */ = {isa = PBXBuildFile; fileRef = 2426F60F2C1AFB42005350A9 /* SettingNicknameViewController.swift */; };
		2426F6122C1AFB54005350A9 /* SettingImageViewController.swift in Sources */ = {isa = PBXBuildFile; fileRef = 2426F6112C1AFB54005350A9 /* SettingImageViewController.swift */; };
		2426F6142C1AFDDF005350A9 /* MyImage.swift in Sources */ = {isa = PBXBuildFile; fileRef = 2426F6132C1AFDDF005350A9 /* MyImage.swift */; };
		2426F6162C1AFEAA005350A9 /* UIColor+.swift in Sources */ = {isa = PBXBuildFile; fileRef = 2426F6152C1AFEAA005350A9 /* UIColor+.swift */; };
		2426F6182C1B011D005350A9 /* ProfileImageView.swift in Sources */ = {isa = PBXBuildFile; fileRef = 2426F6172C1B011D005350A9 /* ProfileImageView.swift */; };
		2426F61C2C1B0299005350A9 /* MyColor.swift in Sources */ = {isa = PBXBuildFile; fileRef = 2426F61B2C1B0299005350A9 /* MyColor.swift */; };
		2426F61E2C1B06E3005350A9 /* MyFont.swift in Sources */ = {isa = PBXBuildFile; fileRef = 2426F61D2C1B06E3005350A9 /* MyFont.swift */; };
		2426F6212C1B1BD3005350A9 /* CameraImageView.swift in Sources */ = {isa = PBXBuildFile; fileRef = 2426F6202C1B1BD3005350A9 /* CameraImageView.swift */; };
		2426F6232C1B1C36005350A9 /* MainViewController.swift in Sources */ = {isa = PBXBuildFile; fileRef = 2426F6222C1B1C36005350A9 /* MainViewController.swift */; };
		2426F6262C1B1D4D005350A9 /* UserDefaultsManager.swift in Sources */ = {isa = PBXBuildFile; fileRef = 2426F6252C1B1D4D005350A9 /* UserDefaultsManager.swift */; };
		2426F6292C1BE7FD005350A9 /* ProfileImageCollectionViewCell.swift in Sources */ = {isa = PBXBuildFile; fileRef = 2426F6282C1BE7FD005350A9 /* ProfileImageCollectionViewCell.swift */; };
		2426F62B2C1BE92E005350A9 /* ReuseIdentifier.swift in Sources */ = {isa = PBXBuildFile; fileRef = 2426F62A2C1BE92E005350A9 /* ReuseIdentifier.swift */; };
		2426F62D2C1BF3D5005350A9 /* BaseTabBarController.swift in Sources */ = {isa = PBXBuildFile; fileRef = 2426F62C2C1BF3D5005350A9 /* BaseTabBarController.swift */; };
		2426F62F2C1BF426005350A9 /* SettingViewController.swift in Sources */ = {isa = PBXBuildFile; fileRef = 2426F62E2C1BF426005350A9 /* SettingViewController.swift */; };
		2426F6312C1C06F4005350A9 /* SettingTableViewCell.swift in Sources */ = {isa = PBXBuildFile; fileRef = 2426F6302C1C06F4005350A9 /* SettingTableViewCell.swift */; };
		2426F6342C1C10AB005350A9 /* IQKeyboardManagerSwift in Frameworks */ = {isa = PBXBuildFile; productRef = 2426F6332C1C10AB005350A9 /* IQKeyboardManagerSwift */; };
		2426F6362C1C30CF005350A9 /* SearchWordTableViewCell.swift in Sources */ = {isa = PBXBuildFile; fileRef = 2426F6352C1C30CF005350A9 /* SearchWordTableViewCell.swift */; };
		2426F6382C1C356F005350A9 /* ShoppingResponse.swift in Sources */ = {isa = PBXBuildFile; fileRef = 2426F6372C1C356F005350A9 /* ShoppingResponse.swift */; };
		2426F63A2C1C3707005350A9 /* SearchViewController.swift in Sources */ = {isa = PBXBuildFile; fileRef = 2426F6392C1C3707005350A9 /* SearchViewController.swift */; };
		2426F63C2C1C370F005350A9 /* DetailViewController.swift in Sources */ = {isa = PBXBuildFile; fileRef = 2426F63B2C1C370F005350A9 /* DetailViewController.swift */; };
		2426F63E2C1C4937005350A9 /* Sequence+.swift in Sources */ = {isa = PBXBuildFile; fileRef = 2426F63D2C1C4937005350A9 /* Sequence+.swift */; };
		2426F6402C1C4A7F005350A9 /* SearchCollectionViewCell.swift in Sources */ = {isa = PBXBuildFile; fileRef = 2426F63F2C1C4A7F005350A9 /* SearchCollectionViewCell.swift */; };
		2426F6422C1C4B1B005350A9 /* SortButton.swift in Sources */ = {isa = PBXBuildFile; fileRef = 2426F6412C1C4B1B005350A9 /* SortButton.swift */; };
		2426F6442C1C5BB5005350A9 /* String+.swift in Sources */ = {isa = PBXBuildFile; fileRef = 2426F6432C1C5BB5005350A9 /* String+.swift */; };
		2426F6492C1EC5C5005350A9 /* BaseNavigationController.swift in Sources */ = {isa = PBXBuildFile; fileRef = 2426F6482C1EC5C5005350A9 /* BaseNavigationController.swift */; };
		2435E6A82C25669300B5393A /* NetworkManager.swift in Sources */ = {isa = PBXBuildFile; fileRef = 2435E6A72C25669300B5393A /* NetworkManager.swift */; };
/* End PBXBuildFile section */

/* Begin PBXFileReference section */
		2426F5E82C1AF267005350A9 /* ILikeShopping.app */ = {isa = PBXFileReference; explicitFileType = wrapper.application; includeInIndex = 0; path = ILikeShopping.app; sourceTree = BUILT_PRODUCTS_DIR; };
		2426F5EB2C1AF267005350A9 /* AppDelegate.swift */ = {isa = PBXFileReference; lastKnownFileType = sourcecode.swift; path = AppDelegate.swift; sourceTree = "<group>"; };
		2426F5ED2C1AF267005350A9 /* SceneDelegate.swift */ = {isa = PBXFileReference; lastKnownFileType = sourcecode.swift; path = SceneDelegate.swift; sourceTree = "<group>"; };
		2426F5EF2C1AF267005350A9 /* OnBoardingViewController.swift */ = {isa = PBXFileReference; lastKnownFileType = sourcecode.swift; path = OnBoardingViewController.swift; sourceTree = "<group>"; };
		2426F5F42C1AF268005350A9 /* Assets.xcassets */ = {isa = PBXFileReference; lastKnownFileType = folder.assetcatalog; path = Assets.xcassets; sourceTree = "<group>"; };
		2426F5F72C1AF268005350A9 /* Base */ = {isa = PBXFileReference; lastKnownFileType = file.storyboard; name = Base; path = Base.lproj/LaunchScreen.storyboard; sourceTree = "<group>"; };
		2426F5F92C1AF268005350A9 /* Info.plist */ = {isa = PBXFileReference; lastKnownFileType = text.plist.xml; path = Info.plist; sourceTree = "<group>"; };
		2426F5FF2C1AF2B9005350A9 /* .gitignore */ = {isa = PBXFileReference; lastKnownFileType = text; path = .gitignore; sourceTree = "<group>"; };
		2426F6012C1AF3FB005350A9 /* APIKey.swift */ = {isa = PBXFileReference; lastKnownFileType = sourcecode.swift; path = APIKey.swift; sourceTree = "<group>"; };
		2426F6042C1AF7A6005350A9 /* OrangeButton.swift */ = {isa = PBXFileReference; lastKnownFileType = sourcecode.swift; path = OrangeButton.swift; sourceTree = "<group>"; };
		2426F60F2C1AFB42005350A9 /* SettingNicknameViewController.swift */ = {isa = PBXFileReference; lastKnownFileType = sourcecode.swift; path = SettingNicknameViewController.swift; sourceTree = "<group>"; };
		2426F6112C1AFB54005350A9 /* SettingImageViewController.swift */ = {isa = PBXFileReference; lastKnownFileType = sourcecode.swift; path = SettingImageViewController.swift; sourceTree = "<group>"; };
		2426F6132C1AFDDF005350A9 /* MyImage.swift */ = {isa = PBXFileReference; lastKnownFileType = sourcecode.swift; path = MyImage.swift; sourceTree = "<group>"; };
		2426F6152C1AFEAA005350A9 /* UIColor+.swift */ = {isa = PBXFileReference; lastKnownFileType = sourcecode.swift; path = "UIColor+.swift"; sourceTree = "<group>"; };
		2426F6172C1B011D005350A9 /* ProfileImageView.swift */ = {isa = PBXFileReference; lastKnownFileType = sourcecode.swift; path = ProfileImageView.swift; sourceTree = "<group>"; };
		2426F61B2C1B0299005350A9 /* MyColor.swift */ = {isa = PBXFileReference; lastKnownFileType = sourcecode.swift; path = MyColor.swift; sourceTree = "<group>"; };
		2426F61D2C1B06E3005350A9 /* MyFont.swift */ = {isa = PBXFileReference; lastKnownFileType = sourcecode.swift; path = MyFont.swift; sourceTree = "<group>"; };
		2426F6202C1B1BD3005350A9 /* CameraImageView.swift */ = {isa = PBXFileReference; lastKnownFileType = sourcecode.swift; path = CameraImageView.swift; sourceTree = "<group>"; };
		2426F6222C1B1C36005350A9 /* MainViewController.swift */ = {isa = PBXFileReference; lastKnownFileType = sourcecode.swift; path = MainViewController.swift; sourceTree = "<group>"; };
		2426F6252C1B1D4D005350A9 /* UserDefaultsManager.swift */ = {isa = PBXFileReference; lastKnownFileType = sourcecode.swift; path = UserDefaultsManager.swift; sourceTree = "<group>"; };
		2426F6282C1BE7FD005350A9 /* ProfileImageCollectionViewCell.swift */ = {isa = PBXFileReference; lastKnownFileType = sourcecode.swift; path = ProfileImageCollectionViewCell.swift; sourceTree = "<group>"; };
		2426F62A2C1BE92E005350A9 /* ReuseIdentifier.swift */ = {isa = PBXFileReference; lastKnownFileType = sourcecode.swift; path = ReuseIdentifier.swift; sourceTree = "<group>"; };
		2426F62C2C1BF3D5005350A9 /* BaseTabBarController.swift */ = {isa = PBXFileReference; lastKnownFileType = sourcecode.swift; path = BaseTabBarController.swift; sourceTree = "<group>"; };
		2426F62E2C1BF426005350A9 /* SettingViewController.swift */ = {isa = PBXFileReference; lastKnownFileType = sourcecode.swift; path = SettingViewController.swift; sourceTree = "<group>"; };
		2426F6302C1C06F4005350A9 /* SettingTableViewCell.swift */ = {isa = PBXFileReference; lastKnownFileType = sourcecode.swift; path = SettingTableViewCell.swift; sourceTree = "<group>"; };
		2426F6352C1C30CF005350A9 /* SearchWordTableViewCell.swift */ = {isa = PBXFileReference; lastKnownFileType = sourcecode.swift; path = SearchWordTableViewCell.swift; sourceTree = "<group>"; };
		2426F6372C1C356F005350A9 /* ShoppingResponse.swift */ = {isa = PBXFileReference; lastKnownFileType = sourcecode.swift; path = ShoppingResponse.swift; sourceTree = "<group>"; };
		2426F6392C1C3707005350A9 /* SearchViewController.swift */ = {isa = PBXFileReference; lastKnownFileType = sourcecode.swift; path = SearchViewController.swift; sourceTree = "<group>"; };
		2426F63B2C1C370F005350A9 /* DetailViewController.swift */ = {isa = PBXFileReference; lastKnownFileType = sourcecode.swift; path = DetailViewController.swift; sourceTree = "<group>"; };
		2426F63D2C1C4937005350A9 /* Sequence+.swift */ = {isa = PBXFileReference; lastKnownFileType = sourcecode.swift; path = "Sequence+.swift"; sourceTree = "<group>"; };
		2426F63F2C1C4A7F005350A9 /* SearchCollectionViewCell.swift */ = {isa = PBXFileReference; lastKnownFileType = sourcecode.swift; path = SearchCollectionViewCell.swift; sourceTree = "<group>"; };
		2426F6412C1C4B1B005350A9 /* SortButton.swift */ = {isa = PBXFileReference; lastKnownFileType = sourcecode.swift; path = SortButton.swift; sourceTree = "<group>"; };
		2426F6432C1C5BB5005350A9 /* String+.swift */ = {isa = PBXFileReference; lastKnownFileType = sourcecode.swift; path = "String+.swift"; sourceTree = "<group>"; };
		2426F6482C1EC5C5005350A9 /* BaseNavigationController.swift */ = {isa = PBXFileReference; lastKnownFileType = sourcecode.swift; path = BaseNavigationController.swift; sourceTree = "<group>"; };
		2435E6A72C25669300B5393A /* NetworkManager.swift */ = {isa = PBXFileReference; lastKnownFileType = sourcecode.swift; path = NetworkManager.swift; sourceTree = "<group>"; };
/* End PBXFileReference section */

/* Begin PBXFrameworksBuildPhase section */
		2426F5E52C1AF267005350A9 /* Frameworks */ = {
			isa = PBXFrameworksBuildPhase;
			buildActionMask = 2147483647;
			files = (
				2426F60E2C1AF87B005350A9 /* Kingfisher in Frameworks */,
				2426F6342C1C10AB005350A9 /* IQKeyboardManagerSwift in Frameworks */,
				2426F6082C1AF85A005350A9 /* SnapKit in Frameworks */,
				2426F60B2C1AF86A005350A9 /* Alamofire in Frameworks */,
			);
			runOnlyForDeploymentPostprocessing = 0;
		};
/* End PBXFrameworksBuildPhase section */

/* Begin PBXGroup section */
		2408B8A42C217DC0001D96A3 /* Search */ = {
			isa = PBXGroup;
			children = (
				2426F6222C1B1C36005350A9 /* MainViewController.swift */,
				2426F6352C1C30CF005350A9 /* SearchWordTableViewCell.swift */,
				2426F6392C1C3707005350A9 /* SearchViewController.swift */,
				2426F63F2C1C4A7F005350A9 /* SearchCollectionViewCell.swift */,
				2426F63B2C1C370F005350A9 /* DetailViewController.swift */,
			);
			path = Search;
			sourceTree = "<group>";
		};
		2426F5DF2C1AF267005350A9 = {
			isa = PBXGroup;
			children = (
				2426F5FF2C1AF2B9005350A9 /* .gitignore */,
				2426F5EA2C1AF267005350A9 /* ILikeShopping */,
				2426F5E92C1AF267005350A9 /* Products */,
			);
			sourceTree = "<group>";
		};
		2426F5E92C1AF267005350A9 /* Products */ = {
			isa = PBXGroup;
			children = (
				2426F5E82C1AF267005350A9 /* ILikeShopping.app */,
			);
			name = Products;
			sourceTree = "<group>";
		};
		2426F5EA2C1AF267005350A9 /* ILikeShopping */ = {
			isa = PBXGroup;
			children = (
				2426F5EB2C1AF267005350A9 /* AppDelegate.swift */,
				2426F5ED2C1AF267005350A9 /* SceneDelegate.swift */,
				2426F6012C1AF3FB005350A9 /* APIKey.swift */,
				2426F6472C1D6640005350A9 /* Model */,
				2426F6272C1B2210005350A9 /* Manager */,
				2426F61A2C1B0268005350A9 /* Extension */,
				2426F6192C1B0248005350A9 /* Enum */,
				2426F6032C1AF796005350A9 /* Custom */,
				2426F6242C1B1CB7005350A9 /* Scenes */,
				2426F5F42C1AF268005350A9 /* Assets.xcassets */,
				2426F5F62C1AF268005350A9 /* LaunchScreen.storyboard */,
				2426F5F92C1AF268005350A9 /* Info.plist */,
			);
			path = ILikeShopping;
			sourceTree = "<group>";
		};
		2426F6032C1AF796005350A9 /* Custom */ = {
			isa = PBXGroup;
			children = (
				2426F62C2C1BF3D5005350A9 /* BaseTabBarController.swift */,
				2426F6482C1EC5C5005350A9 /* BaseNavigationController.swift */,
				2426F64A2C1EE33D005350A9 /* View */,
			);
			path = Custom;
			sourceTree = "<group>";
		};
		2426F6192C1B0248005350A9 /* Enum */ = {
			isa = PBXGroup;
			children = (
				2426F61B2C1B0299005350A9 /* MyColor.swift */,
				2426F61D2C1B06E3005350A9 /* MyFont.swift */,
				2426F6132C1AFDDF005350A9 /* MyImage.swift */,
			);
			path = Enum;
			sourceTree = "<group>";
		};
		2426F61A2C1B0268005350A9 /* Extension */ = {
			isa = PBXGroup;
			children = (
				2426F62A2C1BE92E005350A9 /* ReuseIdentifier.swift */,
				2426F6152C1AFEAA005350A9 /* UIColor+.swift */,
				2426F63D2C1C4937005350A9 /* Sequence+.swift */,
				2426F6432C1C5BB5005350A9 /* String+.swift */,
			);
			path = Extension;
			sourceTree = "<group>";
		};
		2426F61F2C1B17EE005350A9 /* Setting */ = {
			isa = PBXGroup;
			children = (
				2426F62E2C1BF426005350A9 /* SettingViewController.swift */,
				2426F6302C1C06F4005350A9 /* SettingTableViewCell.swift */,
				2426F60F2C1AFB42005350A9 /* SettingNicknameViewController.swift */,
				2426F6112C1AFB54005350A9 /* SettingImageViewController.swift */,
				2426F6282C1BE7FD005350A9 /* ProfileImageCollectionViewCell.swift */,
			);
			path = Setting;
			sourceTree = "<group>";
		};
		2426F6242C1B1CB7005350A9 /* Scenes */ = {
			isa = PBXGroup;
			children = (
				2426F5EF2C1AF267005350A9 /* OnBoardingViewController.swift */,
				2408B8A42C217DC0001D96A3 /* Search */,
				2426F61F2C1B17EE005350A9 /* Setting */,
			);
			path = Scenes;
			sourceTree = "<group>";
		};
		2426F6272C1B2210005350A9 /* Manager */ = {
			isa = PBXGroup;
			children = (
				2426F6252C1B1D4D005350A9 /* UserDefaultsManager.swift */,
				2435E6A72C25669300B5393A /* NetworkManager.swift */,
			);
			path = Manager;
			sourceTree = "<group>";
		};
		2426F6472C1D6640005350A9 /* Model */ = {
			isa = PBXGroup;
			children = (
				2426F6372C1C356F005350A9 /* ShoppingResponse.swift */,
			);
			path = Model;
			sourceTree = "<group>";
		};
		2426F64A2C1EE33D005350A9 /* View */ = {
			isa = PBXGroup;
			children = (
				2426F6042C1AF7A6005350A9 /* OrangeButton.swift */,
				2426F6172C1B011D005350A9 /* ProfileImageView.swift */,
				2426F6202C1B1BD3005350A9 /* CameraImageView.swift */,
				2426F6412C1C4B1B005350A9 /* SortButton.swift */,
			);
			path = View;
			sourceTree = "<group>";
		};
/* End PBXGroup section */

/* Begin PBXNativeTarget section */
		2426F5E72C1AF267005350A9 /* ILikeShopping */ = {
			isa = PBXNativeTarget;
			buildConfigurationList = 2426F5FC2C1AF268005350A9 /* Build configuration list for PBXNativeTarget "ILikeShopping" */;
			buildPhases = (
				2426F5E42C1AF267005350A9 /* Sources */,
				2426F5E52C1AF267005350A9 /* Frameworks */,
				2426F5E62C1AF267005350A9 /* Resources */,
			);
			buildRules = (
			);
			dependencies = (
			);
			name = ILikeShopping;
			packageProductDependencies = (
				2426F6072C1AF85A005350A9 /* SnapKit */,
				2426F60A2C1AF86A005350A9 /* Alamofire */,
				2426F60D2C1AF87B005350A9 /* Kingfisher */,
				2426F6332C1C10AB005350A9 /* IQKeyboardManagerSwift */,
			);
			productName = ILikeShopping;
			productReference = 2426F5E82C1AF267005350A9 /* ILikeShopping.app */;
			productType = "com.apple.product-type.application";
		};
/* End PBXNativeTarget section */

/* Begin PBXProject section */
		2426F5E02C1AF267005350A9 /* Project object */ = {
			isa = PBXProject;
			attributes = {
				BuildIndependentTargetsInParallel = 1;
				LastSwiftUpdateCheck = 1540;
				LastUpgradeCheck = 1540;
				TargetAttributes = {
					2426F5E72C1AF267005350A9 = {
						CreatedOnToolsVersion = 15.4;
					};
				};
			};
			buildConfigurationList = 2426F5E32C1AF267005350A9 /* Build configuration list for PBXProject "ILikeShopping" */;
			compatibilityVersion = "Xcode 14.0";
			developmentRegion = en;
			hasScannedForEncodings = 0;
			knownRegions = (
				en,
				Base,
			);
			mainGroup = 2426F5DF2C1AF267005350A9;
			packageReferences = (
				2426F6062C1AF85A005350A9 /* XCRemoteSwiftPackageReference "SnapKit" */,
				2426F6092C1AF86A005350A9 /* XCRemoteSwiftPackageReference "Alamofire" */,
				2426F60C2C1AF87B005350A9 /* XCRemoteSwiftPackageReference "Kingfisher" */,
				2426F6322C1C10AB005350A9 /* XCRemoteSwiftPackageReference "IQKeyboardManager" */,
			);
			productRefGroup = 2426F5E92C1AF267005350A9 /* Products */;
			projectDirPath = "";
			projectRoot = "";
			targets = (
				2426F5E72C1AF267005350A9 /* ILikeShopping */,
			);
		};
/* End PBXProject section */

/* Begin PBXResourcesBuildPhase section */
		2426F5E62C1AF267005350A9 /* Resources */ = {
			isa = PBXResourcesBuildPhase;
			buildActionMask = 2147483647;
			files = (
				2426F6002C1AF2B9005350A9 /* .gitignore in Resources */,
				2426F5F52C1AF268005350A9 /* Assets.xcassets in Resources */,
				2426F5F82C1AF268005350A9 /* Base in Resources */,
			);
			runOnlyForDeploymentPostprocessing = 0;
		};
/* End PBXResourcesBuildPhase section */

/* Begin PBXSourcesBuildPhase section */
		2426F5E42C1AF267005350A9 /* Sources */ = {
			isa = PBXSourcesBuildPhase;
			buildActionMask = 2147483647;
			files = (
				2426F5F02C1AF267005350A9 /* OnBoardingViewController.swift in Sources */,
				2426F6142C1AFDDF005350A9 /* MyImage.swift in Sources */,
				2426F6182C1B011D005350A9 /* ProfileImageView.swift in Sources */,
				2426F62D2C1BF3D5005350A9 /* BaseTabBarController.swift in Sources */,
				2426F61C2C1B0299005350A9 /* MyColor.swift in Sources */,
				2426F6162C1AFEAA005350A9 /* UIColor+.swift in Sources */,
				2426F6312C1C06F4005350A9 /* SettingTableViewCell.swift in Sources */,
				2426F6212C1B1BD3005350A9 /* CameraImageView.swift in Sources */,
				2426F6382C1C356F005350A9 /* ShoppingResponse.swift in Sources */,
				2426F5EC2C1AF267005350A9 /* AppDelegate.swift in Sources */,
				2426F6232C1B1C36005350A9 /* MainViewController.swift in Sources */,
				2426F6262C1B1D4D005350A9 /* UserDefaultsManager.swift in Sources */,
				2435E6A82C25669300B5393A /* NetworkManager.swift in Sources */,
				2426F6022C1AF3FB005350A9 /* APIKey.swift in Sources */,
				2426F63A2C1C3707005350A9 /* SearchViewController.swift in Sources */,
				2426F62B2C1BE92E005350A9 /* ReuseIdentifier.swift in Sources */,
				2426F63C2C1C370F005350A9 /* DetailViewController.swift in Sources */,
				2426F6292C1BE7FD005350A9 /* ProfileImageCollectionViewCell.swift in Sources */,
				2426F5EE2C1AF267005350A9 /* SceneDelegate.swift in Sources */,
				2426F6492C1EC5C5005350A9 /* BaseNavigationController.swift in Sources */,
				2426F63E2C1C4937005350A9 /* Sequence+.swift in Sources */,
				2426F6362C1C30CF005350A9 /* SearchWordTableViewCell.swift in Sources */,
				2426F61E2C1B06E3005350A9 /* MyFont.swift in Sources */,
				2426F6052C1AF7A6005350A9 /* OrangeButton.swift in Sources */,
				2426F6402C1C4A7F005350A9 /* SearchCollectionViewCell.swift in Sources */,
				2426F62F2C1BF426005350A9 /* SettingViewController.swift in Sources */,
				2426F6102C1AFB42005350A9 /* SettingNicknameViewController.swift in Sources */,
				2426F6422C1C4B1B005350A9 /* SortButton.swift in Sources */,
				2426F6442C1C5BB5005350A9 /* String+.swift in Sources */,
				2426F6122C1AFB54005350A9 /* SettingImageViewController.swift in Sources */,
			);
			runOnlyForDeploymentPostprocessing = 0;
		};
/* End PBXSourcesBuildPhase section */

/* Begin PBXVariantGroup section */
		2426F5F62C1AF268005350A9 /* LaunchScreen.storyboard */ = {
			isa = PBXVariantGroup;
			children = (
				2426F5F72C1AF268005350A9 /* Base */,
			);
			name = LaunchScreen.storyboard;
			sourceTree = "<group>";
		};
/* End PBXVariantGroup section */

/* Begin XCBuildConfiguration section */
		2426F5FA2C1AF268005350A9 /* Debug */ = {
			isa = XCBuildConfiguration;
			buildSettings = {
				ALWAYS_SEARCH_USER_PATHS = NO;
				ASSETCATALOG_COMPILER_GENERATE_SWIFT_ASSET_SYMBOL_EXTENSIONS = YES;
				CLANG_ANALYZER_NONNULL = YES;
				CLANG_ANALYZER_NUMBER_OBJECT_CONVERSION = YES_AGGRESSIVE;
				CLANG_CXX_LANGUAGE_STANDARD = "gnu++20";
				CLANG_ENABLE_MODULES = YES;
				CLANG_ENABLE_OBJC_ARC = YES;
				CLANG_ENABLE_OBJC_WEAK = YES;
				CLANG_WARN_BLOCK_CAPTURE_AUTORELEASING = YES;
				CLANG_WARN_BOOL_CONVERSION = YES;
				CLANG_WARN_COMMA = YES;
				CLANG_WARN_CONSTANT_CONVERSION = YES;
				CLANG_WARN_DEPRECATED_OBJC_IMPLEMENTATIONS = YES;
				CLANG_WARN_DIRECT_OBJC_ISA_USAGE = YES_ERROR;
				CLANG_WARN_DOCUMENTATION_COMMENTS = YES;
				CLANG_WARN_EMPTY_BODY = YES;
				CLANG_WARN_ENUM_CONVERSION = YES;
				CLANG_WARN_INFINITE_RECURSION = YES;
				CLANG_WARN_INT_CONVERSION = YES;
				CLANG_WARN_NON_LITERAL_NULL_CONVERSION = YES;
				CLANG_WARN_OBJC_IMPLICIT_RETAIN_SELF = YES;
				CLANG_WARN_OBJC_LITERAL_CONVERSION = YES;
				CLANG_WARN_OBJC_ROOT_CLASS = YES_ERROR;
				CLANG_WARN_QUOTED_INCLUDE_IN_FRAMEWORK_HEADER = YES;
				CLANG_WARN_RANGE_LOOP_ANALYSIS = YES;
				CLANG_WARN_STRICT_PROTOTYPES = YES;
				CLANG_WARN_SUSPICIOUS_MOVE = YES;
				CLANG_WARN_UNGUARDED_AVAILABILITY = YES_AGGRESSIVE;
				CLANG_WARN_UNREACHABLE_CODE = YES;
				CLANG_WARN__DUPLICATE_METHOD_MATCH = YES;
				COPY_PHASE_STRIP = NO;
				DEBUG_INFORMATION_FORMAT = dwarf;
				ENABLE_STRICT_OBJC_MSGSEND = YES;
				ENABLE_TESTABILITY = YES;
				ENABLE_USER_SCRIPT_SANDBOXING = YES;
				GCC_C_LANGUAGE_STANDARD = gnu17;
				GCC_DYNAMIC_NO_PIC = NO;
				GCC_NO_COMMON_BLOCKS = YES;
				GCC_OPTIMIZATION_LEVEL = 0;
				GCC_PREPROCESSOR_DEFINITIONS = (
					"DEBUG=1",
					"$(inherited)",
				);
				GCC_WARN_64_TO_32_BIT_CONVERSION = YES;
				GCC_WARN_ABOUT_RETURN_TYPE = YES_ERROR;
				GCC_WARN_UNDECLARED_SELECTOR = YES;
				GCC_WARN_UNINITIALIZED_AUTOS = YES_AGGRESSIVE;
				GCC_WARN_UNUSED_FUNCTION = YES;
				GCC_WARN_UNUSED_VARIABLE = YES;
				IPHONEOS_DEPLOYMENT_TARGET = 17.5;
				LOCALIZATION_PREFERS_STRING_CATALOGS = YES;
				MTL_ENABLE_DEBUG_INFO = INCLUDE_SOURCE;
				MTL_FAST_MATH = YES;
				ONLY_ACTIVE_ARCH = YES;
				SDKROOT = iphoneos;
				SWIFT_ACTIVE_COMPILATION_CONDITIONS = "DEBUG $(inherited)";
				SWIFT_OPTIMIZATION_LEVEL = "-Onone";
			};
			name = Debug;
		};
		2426F5FB2C1AF268005350A9 /* Release */ = {
			isa = XCBuildConfiguration;
			buildSettings = {
				ALWAYS_SEARCH_USER_PATHS = NO;
				ASSETCATALOG_COMPILER_GENERATE_SWIFT_ASSET_SYMBOL_EXTENSIONS = YES;
				CLANG_ANALYZER_NONNULL = YES;
				CLANG_ANALYZER_NUMBER_OBJECT_CONVERSION = YES_AGGRESSIVE;
				CLANG_CXX_LANGUAGE_STANDARD = "gnu++20";
				CLANG_ENABLE_MODULES = YES;
				CLANG_ENABLE_OBJC_ARC = YES;
				CLANG_ENABLE_OBJC_WEAK = YES;
				CLANG_WARN_BLOCK_CAPTURE_AUTORELEASING = YES;
				CLANG_WARN_BOOL_CONVERSION = YES;
				CLANG_WARN_COMMA = YES;
				CLANG_WARN_CONSTANT_CONVERSION = YES;
				CLANG_WARN_DEPRECATED_OBJC_IMPLEMENTATIONS = YES;
				CLANG_WARN_DIRECT_OBJC_ISA_USAGE = YES_ERROR;
				CLANG_WARN_DOCUMENTATION_COMMENTS = YES;
				CLANG_WARN_EMPTY_BODY = YES;
				CLANG_WARN_ENUM_CONVERSION = YES;
				CLANG_WARN_INFINITE_RECURSION = YES;
				CLANG_WARN_INT_CONVERSION = YES;
				CLANG_WARN_NON_LITERAL_NULL_CONVERSION = YES;
				CLANG_WARN_OBJC_IMPLICIT_RETAIN_SELF = YES;
				CLANG_WARN_OBJC_LITERAL_CONVERSION = YES;
				CLANG_WARN_OBJC_ROOT_CLASS = YES_ERROR;
				CLANG_WARN_QUOTED_INCLUDE_IN_FRAMEWORK_HEADER = YES;
				CLANG_WARN_RANGE_LOOP_ANALYSIS = YES;
				CLANG_WARN_STRICT_PROTOTYPES = YES;
				CLANG_WARN_SUSPICIOUS_MOVE = YES;
				CLANG_WARN_UNGUARDED_AVAILABILITY = YES_AGGRESSIVE;
				CLANG_WARN_UNREACHABLE_CODE = YES;
				CLANG_WARN__DUPLICATE_METHOD_MATCH = YES;
				COPY_PHASE_STRIP = NO;
				DEBUG_INFORMATION_FORMAT = "dwarf-with-dsym";
				ENABLE_NS_ASSERTIONS = NO;
				ENABLE_STRICT_OBJC_MSGSEND = YES;
				ENABLE_USER_SCRIPT_SANDBOXING = YES;
				GCC_C_LANGUAGE_STANDARD = gnu17;
				GCC_NO_COMMON_BLOCKS = YES;
				GCC_WARN_64_TO_32_BIT_CONVERSION = YES;
				GCC_WARN_ABOUT_RETURN_TYPE = YES_ERROR;
				GCC_WARN_UNDECLARED_SELECTOR = YES;
				GCC_WARN_UNINITIALIZED_AUTOS = YES_AGGRESSIVE;
				GCC_WARN_UNUSED_FUNCTION = YES;
				GCC_WARN_UNUSED_VARIABLE = YES;
				IPHONEOS_DEPLOYMENT_TARGET = 17.5;
				LOCALIZATION_PREFERS_STRING_CATALOGS = YES;
				MTL_ENABLE_DEBUG_INFO = NO;
				MTL_FAST_MATH = YES;
				SDKROOT = iphoneos;
				SWIFT_COMPILATION_MODE = wholemodule;
				VALIDATE_PRODUCT = YES;
			};
			name = Release;
		};
		2426F5FD2C1AF268005350A9 /* Debug */ = {
			isa = XCBuildConfiguration;
			buildSettings = {
				ASSETCATALOG_COMPILER_APPICON_NAME = AppIcon;
				ASSETCATALOG_COMPILER_GLOBAL_ACCENT_COLOR_NAME = AccentColor;
				CODE_SIGN_STYLE = Automatic;
				CURRENT_PROJECT_VERSION = 1;
				DEVELOPMENT_TEAM = Z6H2JVV9PA;
				GENERATE_INFOPLIST_FILE = YES;
				INFOPLIST_FILE = ILikeShopping/Info.plist;
				INFOPLIST_KEY_CFBundleDisplayName = "김성민";
				INFOPLIST_KEY_UIApplicationSupportsIndirectInputEvents = YES;
				INFOPLIST_KEY_UILaunchStoryboardName = LaunchScreen;
				INFOPLIST_KEY_UISupportedInterfaceOrientations = UIInterfaceOrientationPortrait;
				INFOPLIST_KEY_UISupportedInterfaceOrientations_iPad = UIInterfaceOrientationPortrait;
				IPHONEOS_DEPLOYMENT_TARGET = 15.0;
				LD_RUNPATH_SEARCH_PATHS = (
					"$(inherited)",
					"@executable_path/Frameworks",
				);
				MARKETING_VERSION = 1.0;
				PRODUCT_BUNDLE_IDENTIFIER = com.ksm.ILikeShopping;
				PRODUCT_NAME = "$(TARGET_NAME)";
				SUPPORTED_PLATFORMS = "iphoneos iphonesimulator";
				SUPPORTS_MACCATALYST = NO;
				SUPPORTS_MAC_DESIGNED_FOR_IPHONE_IPAD = NO;
				SUPPORTS_XR_DESIGNED_FOR_IPHONE_IPAD = NO;
				SWIFT_EMIT_LOC_STRINGS = YES;
				SWIFT_VERSION = 5.0;
				TARGETED_DEVICE_FAMILY = 1;
			};
			name = Debug;
		};
		2426F5FE2C1AF268005350A9 /* Release */ = {
			isa = XCBuildConfiguration;
			buildSettings = {
				ASSETCATALOG_COMPILER_APPICON_NAME = AppIcon;
				ASSETCATALOG_COMPILER_GLOBAL_ACCENT_COLOR_NAME = AccentColor;
				CODE_SIGN_STYLE = Automatic;
				CURRENT_PROJECT_VERSION = 1;
				DEVELOPMENT_TEAM = Z6H2JVV9PA;
				GENERATE_INFOPLIST_FILE = YES;
				INFOPLIST_FILE = ILikeShopping/Info.plist;
				INFOPLIST_KEY_CFBundleDisplayName = "김성민";
				INFOPLIST_KEY_UIApplicationSupportsIndirectInputEvents = YES;
				INFOPLIST_KEY_UILaunchStoryboardName = LaunchScreen;
				INFOPLIST_KEY_UISupportedInterfaceOrientations = UIInterfaceOrientationPortrait;
				INFOPLIST_KEY_UISupportedInterfaceOrientations_iPad = UIInterfaceOrientationPortrait;
				IPHONEOS_DEPLOYMENT_TARGET = 15.0;
				LD_RUNPATH_SEARCH_PATHS = (
					"$(inherited)",
					"@executable_path/Frameworks",
				);
				MARKETING_VERSION = 1.0;
				PRODUCT_BUNDLE_IDENTIFIER = com.ksm.ILikeShopping;
				PRODUCT_NAME = "$(TARGET_NAME)";
				SUPPORTED_PLATFORMS = "iphoneos iphonesimulator";
				SUPPORTS_MACCATALYST = NO;
				SUPPORTS_MAC_DESIGNED_FOR_IPHONE_IPAD = NO;
				SUPPORTS_XR_DESIGNED_FOR_IPHONE_IPAD = NO;
				SWIFT_EMIT_LOC_STRINGS = YES;
				SWIFT_VERSION = 5.0;
				TARGETED_DEVICE_FAMILY = 1;
			};
			name = Release;
		};
/* End XCBuildConfiguration section */

/* Begin XCConfigurationList section */
		2426F5E32C1AF267005350A9 /* Build configuration list for PBXProject "ILikeShopping" */ = {
			isa = XCConfigurationList;
			buildConfigurations = (
				2426F5FA2C1AF268005350A9 /* Debug */,
				2426F5FB2C1AF268005350A9 /* Release */,
			);
			defaultConfigurationIsVisible = 0;
			defaultConfigurationName = Release;
		};
		2426F5FC2C1AF268005350A9 /* Build configuration list for PBXNativeTarget "ILikeShopping" */ = {
			isa = XCConfigurationList;
			buildConfigurations = (
				2426F5FD2C1AF268005350A9 /* Debug */,
				2426F5FE2C1AF268005350A9 /* Release */,
			);
			defaultConfigurationIsVisible = 0;
			defaultConfigurationName = Release;
		};
/* End XCConfigurationList section */

/* Begin XCRemoteSwiftPackageReference section */
		2426F6062C1AF85A005350A9 /* XCRemoteSwiftPackageReference "SnapKit" */ = {
			isa = XCRemoteSwiftPackageReference;
			repositoryURL = "https://github.com/SnapKit/SnapKit";
			requirement = {
				kind = upToNextMajorVersion;
				minimumVersion = 5.7.1;
			};
		};
		2426F6092C1AF86A005350A9 /* XCRemoteSwiftPackageReference "Alamofire" */ = {
			isa = XCRemoteSwiftPackageReference;
			repositoryURL = "https://github.com/Alamofire/Alamofire.git";
			requirement = {
				kind = upToNextMajorVersion;
				minimumVersion = 5.9.1;
			};
		};
		2426F60C2C1AF87B005350A9 /* XCRemoteSwiftPackageReference "Kingfisher" */ = {
			isa = XCRemoteSwiftPackageReference;
			repositoryURL = "https://github.com/onevcat/Kingfisher";
			requirement = {
				kind = upToNextMajorVersion;
				minimumVersion = 7.12.0;
			};
		};
		2426F6322C1C10AB005350A9 /* XCRemoteSwiftPackageReference "IQKeyboardManager" */ = {
			isa = XCRemoteSwiftPackageReference;
			repositoryURL = "https://github.com/hackiftekhar/IQKeyboardManager.git";
			requirement = {
				kind = upToNextMajorVersion;
				minimumVersion = 7.0.3;
			};
		};
/* End XCRemoteSwiftPackageReference section */

/* Begin XCSwiftPackageProductDependency section */
		2426F6072C1AF85A005350A9 /* SnapKit */ = {
			isa = XCSwiftPackageProductDependency;
			package = 2426F6062C1AF85A005350A9 /* XCRemoteSwiftPackageReference "SnapKit" */;
			productName = SnapKit;
		};
		2426F60A2C1AF86A005350A9 /* Alamofire */ = {
			isa = XCSwiftPackageProductDependency;
			package = 2426F6092C1AF86A005350A9 /* XCRemoteSwiftPackageReference "Alamofire" */;
			productName = Alamofire;
		};
		2426F60D2C1AF87B005350A9 /* Kingfisher */ = {
			isa = XCSwiftPackageProductDependency;
			package = 2426F60C2C1AF87B005350A9 /* XCRemoteSwiftPackageReference "Kingfisher" */;
			productName = Kingfisher;
		};
		2426F6332C1C10AB005350A9 /* IQKeyboardManagerSwift */ = {
			isa = XCSwiftPackageProductDependency;
			package = 2426F6322C1C10AB005350A9 /* XCRemoteSwiftPackageReference "IQKeyboardManager" */;
			productName = IQKeyboardManagerSwift;
		};
/* End XCSwiftPackageProductDependency section */
	};
	rootObject = 2426F5E02C1AF267005350A9 /* Project object */;
}
